{
  "name": "agent-context-pruner-skill",
  "version": "0.1.0",
  "lockfileVersion": 3,
  "requires": true,
  "packages": {
    "": {
      "name": "agent-context-pruner-skill",
      "version": "0.1.0",
      "license": "MIT",
      "bin": {
        "agent-context-pruner": "bin/agent-context-pruner.js"
      },
      "engines": {
        "node": ">=18"
      }
    }
  }
}
